# This file is automatically @generated by Cargo.
# It is not intended for manual editing.
version = 3

[[package]]
name = "adafruit-7segment"
version = "0.1.0"
source = "registry+https://github.com/rust-lang/crates.io-index"
checksum = "f9e8545bbb012be8aafcbc352a80b8e7d8a2c11d419f857828fcfb3b2aa1a573"
dependencies = [
 "ascii",
 "embedded-hal",
 "ht16k33",
]

[[package]]
name = "ascii"
version = "1.1.0"
source = "registry+https://github.com/rust-lang/crates.io-index"
checksum = "d92bec98840b8f03a5ff5413de5293bfcd8bf96467cf5452609f939ec6f5de16"

[[package]]
name = "bitflags"
version = "1.3.2"
source = "registry+https://github.com/rust-lang/crates.io-index"
checksum = "bef38d45163c2f1dde094a7dfd33ccf595c92905c8f8f4fdc18d06fb1037718a"

[[package]]
name = "cc"
version = "1.2.5"
source = "registry+https://github.com/rust-lang/crates.io-index"
checksum = "c31a0499c1dc64f458ad13872de75c0eb7e3fdb0e67964610c914b034fc5956e"
dependencies = [
 "shlex",
]

[[package]]
name = "embedded-hal"
version = "0.2.7"
source = "registry+https://github.com/rust-lang/crates.io-index"
checksum = "35949884794ad573cf46071e41c9b60efb0cb311e3ca01f7af807af1debc66ff"
dependencies = [
 "nb 0.1.3",
 "void",
]

[[package]]
name = "ht16k33"
version = "0.4.0"
source = "registry+https://github.com/rust-lang/crates.io-index"
checksum = "441cf21006638fc835d714f5feabc4a2a01efe783cf0997f387bf3aa185eaaa7"
dependencies = [
 "bitflags",
 "embedded-hal",
]

[[package]]
name = "libc"
version = "0.2.169"
source = "registry+https://github.com/rust-lang/crates.io-index"
checksum = "b5aba8db14291edd000dfcc4d620c7ebfb122c613afb886ca8803fa4e128a20a"

[[package]]
name = "libusb1-sys"
version = "0.5.0"
source = "registry+https://github.com/rust-lang/crates.io-index"
checksum = "e22e89d08bbe6816c6c5d446203b859eba35b8fa94bf1b7edb2f6d25d43f023f"
dependencies = [
 "cc",
 "libc",
 "pkg-config",
 "vcpkg",
]

[[package]]
name = "mcp2221"
version = "0.1.1"
source = "registry+https://github.com/rust-lang/crates.io-index"
checksum = "d4feaa20bf04868fdc054f1f1b437f063b034d57d0d668b04615c8d29f3149b7"
dependencies = [
 "embedded-hal",
 "rusb",
]

[[package]]
name = "nb"
version = "0.1.3"
source = "registry+https://github.com/rust-lang/crates.io-index"
checksum = "801d31da0513b6ec5214e9bf433a77966320625a37860f910be265be6e18d06f"
dependencies = [
 "nb 1.1.0",
]

[[package]]
name = "nb"
version = "1.1.0"
source = "registry+https://github.com/rust-lang/crates.io-index"
checksum = "8d5439c4ad607c3c23abf66de8c8bf57ba8adcd1f129e699851a6e43935d339d"

[[package]]
name = "osu7-i2c"
version = "0.1.0"
dependencies = [
 "adafruit-7segment",
 "embedded-hal",
 "ht16k33",
 "mcp2221",
]

[[package]]
name = "pkg-config"
version = "0.3.31"
source = "registry+https://github.com/rust-lang/crates.io-index"
checksum = "953ec861398dccce10c670dfeaf3ec4911ca479e9c02154b3a215178c5f566f2"

[[package]]
name = "rusb"
version = "0.8.1"
source = "registry+https://github.com/rust-lang/crates.io-index"
checksum = "d9a5084628cc5be77b1c750b3e5ee0cc519d2f2491b3f06b78b3aac3328b00ad"
dependencies = [
 "libc",
 "libusb1-sys",
]

[[package]]
name = "shlex"
version = "1.3.0"
source = "registry+https://github.com/rust-lang/crates.io-index"
checksum = "0fda2ff0d084019ba4d7c6f371c95d8fd75ce3524c3cb8fb653a3023f6323e64"

[[package]]
name = "vcpkg"
version = "0.2.15"
source = "registry+https://github.com/rust-lang/crates.io-index"
checksum = "accd4ea62f7bb7a82fe23066fb0957d48ef677f6eeb8215f372f52e48bb32426"

[[package]]
name = "void"
version = "1.0.2"
source = "registry+https://github.com/rust-lang/crates.io-index"
checksum = "6a02e4885ed3bc0f2de90ea6dd45ebcbb66dacffe03547fadbb0eeae2770887d"
